
Microsoft Visual Studio Solution File, Format Version 12.00
# Visual Studio Version 17
VisualStudioVersion = 17.4.33205.214
MinimumVisualStudioVersion = 10.0.40219.1
Project("{9A19103F-16F7-4668-BE54-9A1E7A4F7556}") = "myAI", "myAI\myAI.csproj", "{7ABF2FE5-7E96-4FE9-8E28-8B6F861DAEE3}"
EndProject
Project("{FAE04EC0-301F-11D3-BF4B-00C04F79EFBC}") = "AIFramework", "..\AIFramework\AIFramework.csproj", "{A8CA739D-3014-4732-9A8A-AD21FBD96617}"
EndProject
Project("{FAE04EC0-301F-11D3-BF4B-00C04F79EFBC}") = "czysty", "..\czysty\czysty.csproj", "{A9D58095-920B-48CC-A5BF-FFC8C41C1881}"
EndProject
Global
	GlobalSection(SolutionConfigurationPlatforms) = preSolution
		Debug|Any CPU = Debug|Any CPU
		Release|Any CPU = Release|Any CPU
	EndGlobalSection
	GlobalSection(ProjectConfigurationPlatforms) = postSolution
		{7ABF2FE5-7E96-4FE9-8E28-8B6F861DAEE3}.Debug|Any CPU.ActiveCfg = Debug|Any CPU
		{7ABF2FE5-7E96-4FE9-8E28-8B6F861DAEE3}.Debug|Any CPU.Build.0 = Debug|Any CPU
		{7ABF2FE5-7E96-4FE9-8E28-8B6F861DAEE3}.Release|Any CPU.ActiveCfg = Release|Any CPU
		{7ABF2FE5-7E96-4FE9-8E28-8B6F861DAEE3}.Release|Any CPU.Build.0 = Release|Any CPU
		{A8CA739D-3014-4732-9A8A-AD21FBD96617}.Debug|Any CPU.ActiveCfg = Debug|Any CPU
		{A8CA739D-3014-4732-9A8A-AD21FBD96617}.Debug|Any CPU.Build.0 = Debug|Any CPU
		{A8CA739D-3014-4732-9A8A-AD21FBD96617}.Release|Any CPU.ActiveCfg = Release|Any CPU
		{A8CA739D-3014-4732-9A8A-AD21FBD96617}.Release|Any CPU.Build.0 = Release|Any CPU
		{A9D58095-920B-48CC-A5BF-FFC8C41C1881}.Debug|Any CPU.ActiveCfg = Debug|Any CPU
		{A9D58095-920B-48CC-A5BF-FFC8C41C1881}.Debug|Any CPU.Build.0 = Debug|Any CPU
		{A9D58095-920B-48CC-A5BF-FFC8C41C1881}.Release|Any CPU.ActiveCfg = Release|Any CPU
		{A9D58095-920B-48CC-A5BF-FFC8C41C1881}.Release|Any CPU.Build.0 = Release|Any CPU
	EndGlobalSection
	GlobalSection(SolutionProperties) = preSolution
		HideSolutionNode = FALSE
	EndGlobalSection
	GlobalSection(ExtensibilityGlobals) = postSolution
		SolutionGuid = {A24BE38D-C7DA-4255-8400-49DAC0AF8CC2}
	EndGlobalSection
EndGlobal
